{
  "name": "serverless-api-gateway-integration-headers",
  "version": "1.0.0",
  "lockfileVersion": 1,
  "requires": true,
  "dependencies": {
    "@json-edit/json-edit": {
      "version": "1.0.0",
      "resolved": "https://registry.npmjs.org/@json-edit/json-edit/-/json-edit-1.0.0.tgz",
      "integrity": "sha512-mc1mV3WbyQBK/d6FnACPhe4Ducc2SqzKem1+r0Qn7Dme+wVkXD8G0LuzU+x/VQwaleqW9mFGLjWonnDdEd8zLA=="
    }
  }
}
